
Microsoft Visual Studio Solution File, Format Version 12.00
# Visual Studio Version 17
VisualStudioVersion = 17.8.34330.188
MinimumVisualStudioVersion = 10.0.40219.1
Project("{FAE04EC0-301F-11D3-BF4B-00C04F79EFBC}") = "Task", "Task.csproj", "{2D6DAE13-258E-40BB-A926-F913C610EEE8}"
EndProject
Global
	GlobalSection(SolutionConfigurationPlatforms) = preSolution
		Debug|Any CPU = Debug|Any CPU
		Release|Any CPU = Release|Any CPU
	EndGlobalSection
	GlobalSection(ProjectConfigurationPlatforms) = postSolution
		{2D6DAE13-258E-40BB-A926-F913C610EEE8}.Debug|Any CPU.ActiveCfg = Debug|Any CPU
		{2D6DAE13-258E-40BB-A926-F913C610EEE8}.Debug|Any CPU.Build.0 = Debug|Any CPU
		{2D6DAE13-258E-40BB-A926-F913C610EEE8}.Release|Any CPU.ActiveCfg = Release|Any CPU
		{2D6DAE13-258E-40BB-A926-F913C610EEE8}.Release|Any CPU.Build.0 = Release|Any CPU
	EndGlobalSection
	GlobalSection(SolutionProperties) = preSolution
		HideSolutionNode = FALSE
	EndGlobalSection
	GlobalSection(ExtensibilityGlobals) = postSolution
		SolutionGuid = {C1B49A36-FEB1-4592-A3C3-766B9D95E30E}
	EndGlobalSection
EndGlobal
